
Microsoft Visual Studio Solution File, Format Version 12.00
# Visual Studio Version 17
VisualStudioVersion = 17.1.32319.34
MinimumVisualStudioVersion = 10.0.40219.1
Project("{FAE04EC0-301F-11D3-BF4B-00C04F79EFBC}") = "Calculator-App", "Calculator-App\Calculator-App.csproj", "{76606B6A-AF1C-41A3-B4BD-F71DBBCBFBB3}"
EndProject
Global
	GlobalSection(SolutionConfigurationPlatforms) = preSolution
		Debug|Any CPU = Debug|Any CPU
		Release|Any CPU = Release|Any CPU
	EndGlobalSection
	GlobalSection(ProjectConfigurationPlatforms) = postSolution
		{76606B6A-AF1C-41A3-B4BD-F71DBBCBFBB3}.Debug|Any CPU.ActiveCfg = Debug|Any CPU
		{76606B6A-AF1C-41A3-B4BD-F71DBBCBFBB3}.Debug|Any CPU.Build.0 = Debug|Any CPU
		{76606B6A-AF1C-41A3-B4BD-F71DBBCBFBB3}.Release|Any CPU.ActiveCfg = Release|Any CPU
		{76606B6A-AF1C-41A3-B4BD-F71DBBCBFBB3}.Release|Any CPU.Build.0 = Release|Any CPU
	EndGlobalSection
	GlobalSection(SolutionProperties) = preSolution
		HideSolutionNode = FALSE
	EndGlobalSection
	GlobalSection(ExtensibilityGlobals) = postSolution
		SolutionGuid = {9C614E6A-B595-4843-96DB-E013EC6940FD}
	EndGlobalSection
EndGlobal
