
Microsoft Visual Studio Solution File, Format Version 12.00
# Visual Studio Version 17
VisualStudioVersion = 17.1.32319.34
MinimumVisualStudioVersion = 10.0.40219.1
Project("{FAE04EC0-301F-11D3-BF4B-00C04F79EFBC}") = "ResponsiPemrograman4408", "ResponsiPemrograman4408\ResponsiPemrograman4408.csproj", "{37D4CEA6-3E12-4E68-8A81-190FA431D2F3}"
EndProject
Global
	GlobalSection(SolutionConfigurationPlatforms) = preSolution
		Debug|Any CPU = Debug|Any CPU
		Release|Any CPU = Release|Any CPU
	EndGlobalSection
	GlobalSection(ProjectConfigurationPlatforms) = postSolution
		{37D4CEA6-3E12-4E68-8A81-190FA431D2F3}.Debug|Any CPU.ActiveCfg = Debug|Any CPU
		{37D4CEA6-3E12-4E68-8A81-190FA431D2F3}.Debug|Any CPU.Build.0 = Debug|Any CPU
		{37D4CEA6-3E12-4E68-8A81-190FA431D2F3}.Release|Any CPU.ActiveCfg = Release|Any CPU
		{37D4CEA6-3E12-4E68-8A81-190FA431D2F3}.Release|Any CPU.Build.0 = Release|Any CPU
	EndGlobalSection
	GlobalSection(SolutionProperties) = preSolution
		HideSolutionNode = FALSE
	EndGlobalSection
	GlobalSection(ExtensibilityGlobals) = postSolution
		SolutionGuid = {55717474-1061-4B69-B1E7-DF5FC29A91D2}
	EndGlobalSection
EndGlobal
