
Microsoft Visual Studio Solution File, Format Version 12.00
# Visual Studio Version 17
VisualStudioVersion = 17.1.32319.34
MinimumVisualStudioVersion = 10.0.40219.1
Project("{FAE04EC0-301F-11D3-BF4B-00C04F79EFBC}") = "Interface", "Interface\Interface.csproj", "{1DA1A20A-15A3-4FD6-87C0-01DBD50BC6A5}"
EndProject
Global
	GlobalSection(SolutionConfigurationPlatforms) = preSolution
		Debug|Any CPU = Debug|Any CPU
		Release|Any CPU = Release|Any CPU
	EndGlobalSection
	GlobalSection(ProjectConfigurationPlatforms) = postSolution
		{1DA1A20A-15A3-4FD6-87C0-01DBD50BC6A5}.Debug|Any CPU.ActiveCfg = Debug|Any CPU
		{1DA1A20A-15A3-4FD6-87C0-01DBD50BC6A5}.Debug|Any CPU.Build.0 = Debug|Any CPU
		{1DA1A20A-15A3-4FD6-87C0-01DBD50BC6A5}.Release|Any CPU.ActiveCfg = Release|Any CPU
		{1DA1A20A-15A3-4FD6-87C0-01DBD50BC6A5}.Release|Any CPU.Build.0 = Release|Any CPU
	EndGlobalSection
	GlobalSection(SolutionProperties) = preSolution
		HideSolutionNode = FALSE
	EndGlobalSection
	GlobalSection(ExtensibilityGlobals) = postSolution
		SolutionGuid = {09CBB7E5-AB16-428F-B265-D83B1B91C52A}
	EndGlobalSection
EndGlobal
